<?xml version="1.0" encoding="utf-8"?>
<Project ToolsVersion="4.0" xmlns="http://schemas.microsoft.com/developer/msbuild/2003">
  <ItemGroup>
    <Filter Include="Source Files">
      <UniqueIdentifier>{4FC737F1-C7A5-4376-A066-2A32D752A2FF}</UniqueIdentifier>
      <Extensions>cpp;c;cc;cxx;def;odl;idl;hpj;bat;asm;asmx</Extensions>
    </Filter>
    <Filter Include="Header Files">
      <UniqueIdentifier>{93995380-89BD-4b04-88EB-625FBE52EBFB}</UniqueIdentifier>
      <Extensions>h;hpp;hxx;hm;inl;inc;xsd</Extensions>
    </Filter>
    <Filter Include="Resource Files">
      <UniqueIdentifier>{67DA6AB6-F800-4c08-8B7A-83BB121AAD01}</UniqueIdentifier>
      <Extensions>rc;ico;cur;bmp;dlg;rc2;rct;bin;rgs;gif;jpg;jpeg;jpe;resx;tiff;tif;png;wav</Extensions>
    </Filter>
  </ItemGroup>
  <ItemGroup>
    <ClCompile Include="Nash.cpp">
      <Filter>Source Files</Filter>
    </ClCompile>
  </ItemGroup>
  <ItemGroup>
    <ClInclude Include="CardinalStrategy.h">
      <Filter>Header Files</Filter>
    </ClInclude>
    <ClInclude Include="CategorizeTRPMOGame.h">
      <Filter>Header Files</Filter>
    </ClInclude>
    <ClInclude Include="ColumnWiseIterator.h">
      <Filter>Header Files</Filter>
    </ClInclude>
    <ClInclude Include="Game.h">
      <Filter>Header Files</Filter>
    </ClInclude>
    <ClInclude Include="GameRunner.h">
      <Filter>Header Files</Filter>
    </ClInclude>
    <ClInclude Include="ISolutionMethod.h">
      <Filter>Header Files</Filter>
    </ClInclude>
    <ClInclude Include="MinimalOrdinalStrategy.h">
      <Filter>Header Files</Filter>
    </ClInclude>
    <ClInclude Include="MyAssert.h">
      <Filter>Header Files</Filter>
    </ClInclude>
    <ClInclude Include="NashMonteCarloParallel.h">
      <Filter>Header Files</Filter>
    </ClInclude>
    <ClInclude Include="NashMonteCarloSerial.h">
      <Filter>Header Files</Filter>
    </ClInclude>
    <ClInclude Include="NashSolutionType.h">
      <Filter>Header Files</Filter>
    </ClInclude>
    <ClInclude Include="PrintStrategy.h">
      <Filter>Header Files</Filter>
    </ClInclude>
    <ClInclude Include="ProgramOptions.h">
      <Filter>Header Files</Filter>
    </ClInclude>
    <ClInclude Include="RandomUniform.h">
      <Filter>Header Files</Filter>
    </ClInclude>
    <ClInclude Include="RankOrder.h">
      <Filter>Header Files</Filter>
    </ClInclude>
    <ClInclude Include="RowWiseIterator.h">
      <Filter>Header Files</Filter>
    </ClInclude>
    <ClInclude Include="StrategySize.h">
      <Filter>Header Files</Filter>
    </ClInclude>
    <ClInclude Include="TBBTimer.h">
      <Filter>Header Files</Filter>
    </ClInclude>
    <ClInclude Include="TRPMONashCategorization.h">
      <Filter>Header Files</Filter>
    </ClInclude>
    <ClInclude Include="TRPMONashCategorizationParallel.h">
      <Filter>Header Files</Filter>
    </ClInclude>
    <ClInclude Include="TRPMONashResults.h">
      <Filter>Header Files</Filter>
    </ClInclude>
    <ClInclude Include="TRPMOParallelIterator.h">
      <Filter>Header Files</Filter>
    </ClInclude>
    <ClInclude Include="TRPMOSerialIterator.h">
      <Filter>Header Files</Filter>
    </ClInclude>
    <ClInclude Include="TRPMOStrategy.h">
      <Filter>Header Files</Filter>
    </ClInclude>
    <ClInclude Include="TRPMOStrategyIterator.h">
      <Filter>Header Files</Filter>
    </ClInclude>
    <ClInclude Include="MpiAdapterInterface.h">
      <Filter>Header Files</Filter>
    </ClInclude>
    <ClInclude Include="MpiParallelTask.h">
      <Filter>Header Files</Filter>
    </ClInclude>
    <ClInclude Include="EvenPartitioningOfConsecutiveIntegers.h">
      <Filter>Header Files</Filter>
    </ClInclude>
  </ItemGroup>
</Project>